// !$*UTF8*$!
{
	archiveVersion = 1;
	classes = {
	};
	objectVersion = 46;
	objects = {

/* Begin PBXBuildFile section */
		B209B05E1F1C4F750041A7FD /* MaterialView.swift in Sources */ = {isa = PBXBuildFile; fileRef = B209B05D1F1C4F750041A7FD /* MaterialView.swift */; };
		B209B0601F1C527A0041A7FD /* ItemCell.swift in Sources */ = {isa = PBXBuildFile; fileRef = B209B05F1F1C527A0041A7FD /* ItemCell.swift */; };
		B2CF407E1F1C448700FAD5BD /* AppDelegate.swift in Sources */ = {isa = PBXBuildFile; fileRef = B2CF407D1F1C448700FAD5BD /* AppDelegate.swift */; };
		B2CF40801F1C448700FAD5BD /* MainVC.swift in Sources */ = {isa = PBXBuildFile; fileRef = B2CF407F1F1C448700FAD5BD /* MainVC.swift */; };
		B2CF40831F1C448700FAD5BD /* Main.storyboard in Resources */ = {isa = PBXBuildFile; fileRef = B2CF40811F1C448700FAD5BD /* Main.storyboard */; };
		B2CF40861F1C448700FAD5BD /* DreamList.xcdatamodeld in Sources */ = {isa = PBXBuildFile; fileRef = B2CF40841F1C448700FAD5BD /* DreamList.xcdatamodeld */; };
		B2CF40881F1C448700FAD5BD /* Assets.xcassets in Resources */ = {isa = PBXBuildFile; fileRef = B2CF40871F1C448700FAD5BD /* Assets.xcassets */; };
		B2CF408B1F1C448700FAD5BD /* LaunchScreen.storyboard in Resources */ = {isa = PBXBuildFile; fileRef = B2CF40891F1C448700FAD5BD /* LaunchScreen.storyboard */; };
		B2CF40BB1F1C482B00FAD5BD /* Item+CoreDataClass.swift in Sources */ = {isa = PBXBuildFile; fileRef = B2CF40B31F1C482B00FAD5BD /* Item+CoreDataClass.swift */; };
		B2CF40BC1F1C482B00FAD5BD /* Item+CoreDataProperties.swift in Sources */ = {isa = PBXBuildFile; fileRef = B2CF40B41F1C482B00FAD5BD /* Item+CoreDataProperties.swift */; };
		B2CF40BD1F1C482B00FAD5BD /* Image+CoreDataClass.swift in Sources */ = {isa = PBXBuildFile; fileRef = B2CF40B51F1C482B00FAD5BD /* Image+CoreDataClass.swift */; };
		B2CF40BE1F1C482B00FAD5BD /* Image+CoreDataProperties.swift in Sources */ = {isa = PBXBuildFile; fileRef = B2CF40B61F1C482B00FAD5BD /* Image+CoreDataProperties.swift */; };
		B2CF40BF1F1C482B00FAD5BD /* ItemType+CoreDataClass.swift in Sources */ = {isa = PBXBuildFile; fileRef = B2CF40B71F1C482B00FAD5BD /* ItemType+CoreDataClass.swift */; };
		B2CF40C01F1C482B00FAD5BD /* ItemType+CoreDataProperties.swift in Sources */ = {isa = PBXBuildFile; fileRef = B2CF40B81F1C482B00FAD5BD /* ItemType+CoreDataProperties.swift */; };
		B2CF40C11F1C482B00FAD5BD /* Store+CoreDataClass.swift in Sources */ = {isa = PBXBuildFile; fileRef = B2CF40B91F1C482B00FAD5BD /* Store+CoreDataClass.swift */; };
		B2CF40C21F1C482B00FAD5BD /* Store+CoreDataProperties.swift in Sources */ = {isa = PBXBuildFile; fileRef = B2CF40BA1F1C482B00FAD5BD /* Store+CoreDataProperties.swift */; };
/* End PBXBuildFile section */

/* Begin PBXFileReference section */
		B209B05D1F1C4F750041A7FD /* MaterialView.swift */ = {isa = PBXFileReference; fileEncoding = 4; lastKnownFileType = sourcecode.swift; path = MaterialView.swift; sourceTree = "<group>"; };
		B209B05F1F1C527A0041A7FD /* ItemCell.swift */ = {isa = PBXFileReference; fileEncoding = 4; lastKnownFileType = sourcecode.swift; path = ItemCell.swift; sourceTree = "<group>"; };
		B2CF407A1F1C448700FAD5BD /* DreamList.app */ = {isa = PBXFileReference; explicitFileType = wrapper.application; includeInIndex = 0; path = DreamList.app; sourceTree = BUILT_PRODUCTS_DIR; };
		B2CF407D1F1C448700FAD5BD /* AppDelegate.swift */ = {isa = PBXFileReference; lastKnownFileType = sourcecode.swift; path = AppDelegate.swift; sourceTree = "<group>"; };
		B2CF407F1F1C448700FAD5BD /* MainVC.swift */ = {isa = PBXFileReference; lastKnownFileType = sourcecode.swift; path = MainVC.swift; sourceTree = "<group>"; };
		B2CF40821F1C448700FAD5BD /* Base */ = {isa = PBXFileReference; lastKnownFileType = file.storyboard; name = Base; path = Base.lproj/Main.storyboard; sourceTree = "<group>"; };
		B2CF40851F1C448700FAD5BD /* DreamList.xcdatamodel */ = {isa = PBXFileReference; lastKnownFileType = wrapper.xcdatamodel; path = DreamList.xcdatamodel; sourceTree = "<group>"; };
		B2CF40871F1C448700FAD5BD /* Assets.xcassets */ = {isa = PBXFileReference; lastKnownFileType = folder.assetcatalog; path = Assets.xcassets; sourceTree = "<group>"; };
		B2CF408A1F1C448700FAD5BD /* Base */ = {isa = PBXFileReference; lastKnownFileType = file.storyboard; name = Base; path = Base.lproj/LaunchScreen.storyboard; sourceTree = "<group>"; };
		B2CF408C1F1C448700FAD5BD /* Info.plist */ = {isa = PBXFileReference; lastKnownFileType = text.plist.xml; path = Info.plist; sourceTree = "<group>"; };
		B2CF40B31F1C482B00FAD5BD /* Item+CoreDataClass.swift */ = {isa = PBXFileReference; fileEncoding = 4; lastKnownFileType = sourcecode.swift; path = "Item+CoreDataClass.swift"; sourceTree = "<group>"; };
		B2CF40B41F1C482B00FAD5BD /* Item+CoreDataProperties.swift */ = {isa = PBXFileReference; fileEncoding = 4; lastKnownFileType = sourcecode.swift; path = "Item+CoreDataProperties.swift"; sourceTree = "<group>"; };
		B2CF40B51F1C482B00FAD5BD /* Image+CoreDataClass.swift */ = {isa = PBXFileReference; fileEncoding = 4; lastKnownFileType = sourcecode.swift; path = "Image+CoreDataClass.swift"; sourceTree = "<group>"; };
		B2CF40B61F1C482B00FAD5BD /* Image+CoreDataProperties.swift */ = {isa = PBXFileReference; fileEncoding = 4; lastKnownFileType = sourcecode.swift; path = "Image+CoreDataProperties.swift"; sourceTree = "<group>"; };
		B2CF40B71F1C482B00FAD5BD /* ItemType+CoreDataClass.swift */ = {isa = PBXFileReference; fileEncoding = 4; lastKnownFileType = sourcecode.swift; path = "ItemType+CoreDataClass.swift"; sourceTree = "<group>"; };
		B2CF40B81F1C482B00FAD5BD /* ItemType+CoreDataProperties.swift */ = {isa = PBXFileReference; fileEncoding = 4; lastKnownFileType = sourcecode.swift; path = "ItemType+CoreDataProperties.swift"; sourceTree = "<group>"; };
		B2CF40B91F1C482B00FAD5BD /* Store+CoreDataClass.swift */ = {isa = PBXFileReference; fileEncoding = 4; lastKnownFileType = sourcecode.swift; path = "Store+CoreDataClass.swift"; sourceTree = "<group>"; };
		B2CF40BA1F1C482B00FAD5BD /* Store+CoreDataProperties.swift */ = {isa = PBXFileReference; fileEncoding = 4; lastKnownFileType = sourcecode.swift; path = "Store+CoreDataProperties.swift"; sourceTree = "<group>"; };
/* End PBXFileReference section */

/* Begin PBXFrameworksBuildPhase section */
		B2CF40771F1C448700FAD5BD /* Frameworks */ = {
			isa = PBXFrameworksBuildPhase;
			buildActionMask = 2147483647;
			files = (
			);
			runOnlyForDeploymentPostprocessing = 0;
		};
/* End PBXFrameworksBuildPhase section */

/* Begin PBXGroup section */
		B2CF40711F1C448700FAD5BD = {
			isa = PBXGroup;
			children = (
				B2CF407C1F1C448700FAD5BD /* DreamList */,
				B2CF407B1F1C448700FAD5BD /* Products */,
			);
			sourceTree = "<group>";
		};
		B2CF407B1F1C448700FAD5BD /* Products */ = {
			isa = PBXGroup;
			children = (
				B2CF407A1F1C448700FAD5BD /* DreamList.app */,
			);
			name = Products;
			sourceTree = "<group>";
		};
		B2CF407C1F1C448700FAD5BD /* DreamList */ = {
			isa = PBXGroup;
			children = (
				B2CF40C31F1C487F00FAD5BD /* Model */,
				B2CF40C41F1C488800FAD5BD /* View */,
				B2CF40C51F1C488C00FAD5BD /* Controller */,
				B2CF407D1F1C448700FAD5BD /* AppDelegate.swift */,
				B2CF40811F1C448700FAD5BD /* Main.storyboard */,
				B2CF40871F1C448700FAD5BD /* Assets.xcassets */,
				B2CF40891F1C448700FAD5BD /* LaunchScreen.storyboard */,
				B2CF408C1F1C448700FAD5BD /* Info.plist */,
				B2CF40841F1C448700FAD5BD /* DreamList.xcdatamodeld */,
			);
			path = DreamList;
			sourceTree = "<group>";
		};
		B2CF40C31F1C487F00FAD5BD /* Model */ = {
			isa = PBXGroup;
			children = (
				B2CF40B31F1C482B00FAD5BD /* Item+CoreDataClass.swift */,
				B2CF40B51F1C482B00FAD5BD /* Image+CoreDataClass.swift */,
				B2CF40B71F1C482B00FAD5BD /* ItemType+CoreDataClass.swift */,
				B2CF40B91F1C482B00FAD5BD /* Store+CoreDataClass.swift */,
				B2CF40C61F1C48A500FAD5BD /* Generated */,
			);
			name = Model;
			sourceTree = "<group>";
		};
		B2CF40C41F1C488800FAD5BD /* View */ = {
			isa = PBXGroup;
			children = (
				B209B05D1F1C4F750041A7FD /* MaterialView.swift */,
				B209B05F1F1C527A0041A7FD /* ItemCell.swift */,
			);
			name = View;
			sourceTree = "<group>";
		};
		B2CF40C51F1C488C00FAD5BD /* Controller */ = {
			isa = PBXGroup;
			children = (
				B2CF407F1F1C448700FAD5BD /* MainVC.swift */,
			);
			name = Controller;
			sourceTree = "<group>";
		};
		B2CF40C61F1C48A500FAD5BD /* Generated */ = {
			isa = PBXGroup;
			children = (
				B2CF40B41F1C482B00FAD5BD /* Item+CoreDataProperties.swift */,
				B2CF40B61F1C482B00FAD5BD /* Image+CoreDataProperties.swift */,
				B2CF40B81F1C482B00FAD5BD /* ItemType+CoreDataProperties.swift */,
				B2CF40BA1F1C482B00FAD5BD /* Store+CoreDataProperties.swift */,
			);
			name = Generated;
			sourceTree = "<group>";
		};
/* End PBXGroup section */

/* Begin PBXNativeTarget section */
		B2CF40791F1C448700FAD5BD /* DreamList */ = {
			isa = PBXNativeTarget;
			buildConfigurationList = B2CF408F1F1C448700FAD5BD /* Build configuration list for PBXNativeTarget "DreamList" */;
			buildPhases = (
				B2CF40761F1C448700FAD5BD /* Sources */,
				B2CF40771F1C448700FAD5BD /* Frameworks */,
				B2CF40781F1C448700FAD5BD /* Resources */,
			);
			buildRules = (
			);
			dependencies = (
			);
			name = DreamList;
			productName = DreamList;
			productReference = B2CF407A1F1C448700FAD5BD /* DreamList.app */;
			productType = "com.apple.product-type.application";
		};
/* End PBXNativeTarget section */

/* Begin PBXProject section */
		B2CF40721F1C448700FAD5BD /* Project object */ = {
			isa = PBXProject;
			attributes = {
				LastSwiftUpdateCheck = 0830;
				LastUpgradeCheck = 0830;
				ORGANIZATIONNAME = Dymtech;
				TargetAttributes = {
					B2CF40791F1C448700FAD5BD = {
						CreatedOnToolsVersion = 8.3.3;
						ProvisioningStyle = Automatic;
					};
				};
			};
			buildConfigurationList = B2CF40751F1C448700FAD5BD /* Build configuration list for PBXProject "DreamList" */;
			compatibilityVersion = "Xcode 3.2";
			developmentRegion = English;
			hasScannedForEncodings = 0;
			knownRegions = (
				en,
				Base,
			);
			mainGroup = B2CF40711F1C448700FAD5BD;
			productRefGroup = B2CF407B1F1C448700FAD5BD /* Products */;
			projectDirPath = "";
			projectRoot = "";
			targets = (
				B2CF40791F1C448700FAD5BD /* DreamList */,
			);
		};
/* End PBXProject section */

/* Begin PBXResourcesBuildPhase section */
		B2CF40781F1C448700FAD5BD /* Resources */ = {
			isa = PBXResourcesBuildPhase;
			buildActionMask = 2147483647;
			files = (
				B2CF408B1F1C448700FAD5BD /* LaunchScreen.storyboard in Resources */,
				B2CF40881F1C448700FAD5BD /* Assets.xcassets in Resources */,
				B2CF40831F1C448700FAD5BD /* Main.storyboard in Resources */,
			);
			runOnlyForDeploymentPostprocessing = 0;
		};
/* End PBXResourcesBuildPhase section */

/* Begin PBXSourcesBuildPhase section */
		B2CF40761F1C448700FAD5BD /* Sources */ = {
			isa = PBXSourcesBuildPhase;
			buildActionMask = 2147483647;
			files = (
				B209B0601F1C527A0041A7FD /* ItemCell.swift in Sources */,
				B2CF40801F1C448700FAD5BD /* MainVC.swift in Sources */,
				B2CF407E1F1C448700FAD5BD /* AppDelegate.swift in Sources */,
				B2CF40C01F1C482B00FAD5BD /* ItemType+CoreDataProperties.swift in Sources */,
				B209B05E1F1C4F750041A7FD /* MaterialView.swift in Sources */,
				B2CF40BB1F1C482B00FAD5BD /* Item+CoreDataClass.swift in Sources */,
				B2CF40C21F1C482B00FAD5BD /* Store+CoreDataProperties.swift in Sources */,
				B2CF40BD1F1C482B00FAD5BD /* Image+CoreDataClass.swift in Sources */,
				B2CF40BF1F1C482B00FAD5BD /* ItemType+CoreDataClass.swift in Sources */,
				B2CF40861F1C448700FAD5BD /* DreamList.xcdatamodeld in Sources */,
				B2CF40C11F1C482B00FAD5BD /* Store+CoreDataClass.swift in Sources */,
				B2CF40BC1F1C482B00FAD5BD /* Item+CoreDataProperties.swift in Sources */,
				B2CF40BE1F1C482B00FAD5BD /* Image+CoreDataProperties.swift in Sources */,
			);
			runOnlyForDeploymentPostprocessing = 0;
		};
/* End PBXSourcesBuildPhase section */

/* Begin PBXVariantGroup section */
		B2CF40811F1C448700FAD5BD /* Main.storyboard */ = {
			isa = PBXVariantGroup;
			children = (
				B2CF40821F1C448700FAD5BD /* Base */,
			);
			name = Main.storyboard;
			sourceTree = "<group>";
		};
		B2CF40891F1C448700FAD5BD /* LaunchScreen.storyboard */ = {
			isa = PBXVariantGroup;
			children = (
				B2CF408A1F1C448700FAD5BD /* Base */,
			);
			name = LaunchScreen.storyboard;
			sourceTree = "<group>";
		};
/* End PBXVariantGroup section */

/* Begin XCBuildConfiguration section */
		B2CF408D1F1C448700FAD5BD /* Debug */ = {
			isa = XCBuildConfiguration;
			buildSettings = {
				ALWAYS_SEARCH_USER_PATHS = NO;
				CLANG_ANALYZER_NONNULL = YES;
				CLANG_ANALYZER_NUMBER_OBJECT_CONVERSION = YES_AGGRESSIVE;
				CLANG_CXX_LANGUAGE_STANDARD = "gnu++0x";
				CLANG_CXX_LIBRARY = "libc++";
				CLANG_ENABLE_MODULES = YES;
				CLANG_ENABLE_OBJC_ARC = YES;
				CLANG_WARN_BOOL_CONVERSION = YES;
				CLANG_WARN_CONSTANT_CONVERSION = YES;
				CLANG_WARN_DIRECT_OBJC_ISA_USAGE = YES_ERROR;
				CLANG_WARN_DOCUMENTATION_COMMENTS = YES;
				CLANG_WARN_EMPTY_BODY = YES;
				CLANG_WARN_ENUM_CONVERSION = YES;
				CLANG_WARN_INFINITE_RECURSION = YES;
				CLANG_WARN_INT_CONVERSION = YES;
				CLANG_WARN_OBJC_ROOT_CLASS = YES_ERROR;
				CLANG_WARN_SUSPICIOUS_MOVE = YES;
				CLANG_WARN_UNREACHABLE_CODE = YES;
				CLANG_WARN__DUPLICATE_METHOD_MATCH = YES;
				"CODE_SIGN_IDENTITY[sdk=iphoneos*]" = "iPhone Developer";
				COPY_PHASE_STRIP = NO;
				DEBUG_INFORMATION_FORMAT = dwarf;
				ENABLE_STRICT_OBJC_MSGSEND = YES;
				ENABLE_TESTABILITY = YES;
				GCC_C_LANGUAGE_STANDARD = gnu99;
				GCC_DYNAMIC_NO_PIC = NO;
				GCC_NO_COMMON_BLOCKS = YES;
				GCC_OPTIMIZATION_LEVEL = 0;
				GCC_PREPROCESSOR_DEFINITIONS = (
					"DEBUG=1",
					"$(inherited)",
				);
				GCC_WARN_64_TO_32_BIT_CONVERSION = YES;
				GCC_WARN_ABOUT_RETURN_TYPE = YES_ERROR;
				GCC_WARN_UNDECLARED_SELECTOR = YES;
				GCC_WARN_UNINITIALIZED_AUTOS = YES_AGGRESSIVE;
				GCC_WARN_UNUSED_FUNCTION = YES;
				GCC_WARN_UNUSED_VARIABLE = YES;
				IPHONEOS_DEPLOYMENT_TARGET = 10.3;
				MTL_ENABLE_DEBUG_INFO = YES;
				ONLY_ACTIVE_ARCH = YES;
				SDKROOT = iphoneos;
				SWIFT_ACTIVE_COMPILATION_CONDITIONS = DEBUG;
				SWIFT_OPTIMIZATION_LEVEL = "-Onone";
				TARGETED_DEVICE_FAMILY = "1,2";
			};
			name = Debug;
		};
		B2CF408E1F1C448700FAD5BD /* Release */ = {
			isa = XCBuildConfiguration;
			buildSettings = {
				ALWAYS_SEARCH_USER_PATHS = NO;
				CLANG_ANALYZER_NONNULL = YES;
				CLANG_ANALYZER_NUMBER_OBJECT_CONVERSION = YES_AGGRESSIVE;
				CLANG_CXX_LANGUAGE_STANDARD = "gnu++0x";
				CLANG_CXX_LIBRARY = "libc++";
				CLANG_ENABLE_MODULES = YES;
				CLANG_ENABLE_OBJC_ARC = YES;
				CLANG_WARN_BOOL_CONVERSION = YES;
				CLANG_WARN_CONSTANT_CONVERSION = YES;
				CLANG_WARN_DIRECT_OBJC_ISA_USAGE = YES_ERROR;
				CLANG_WARN_DOCUMENTATION_COMMENTS = YES;
				CLANG_WARN_EMPTY_BODY = YES;
				CLANG_WARN_ENUM_CONVERSION = YES;
				CLANG_WARN_INFINITE_RECURSION = YES;
				CLANG_WARN_INT_CONVERSION = YES;
				CLANG_WARN_OBJC_ROOT_CLASS = YES_ERROR;
				CLANG_WARN_SUSPICIOUS_MOVE = YES;
				CLANG_WARN_UNREACHABLE_CODE = YES;
				CLANG_WARN__DUPLICATE_METHOD_MATCH = YES;
				"CODE_SIGN_IDENTITY[sdk=iphoneos*]" = "iPhone Developer";
				COPY_PHASE_STRIP = NO;
				DEBUG_INFORMATION_FORMAT = "dwarf-with-dsym";
				ENABLE_NS_ASSERTIONS = NO;
				ENABLE_STRICT_OBJC_MSGSEND = YES;
				GCC_C_LANGUAGE_STANDARD = gnu99;
				GCC_NO_COMMON_BLOCKS = YES;
				GCC_WARN_64_TO_32_BIT_CONVERSION = YES;
				GCC_WARN_ABOUT_RETURN_TYPE = YES_ERROR;
				GCC_WARN_UNDECLARED_SELECTOR = YES;
				GCC_WARN_UNINITIALIZED_AUTOS = YES_AGGRESSIVE;
				GCC_WARN_UNUSED_FUNCTION = YES;
				GCC_WARN_UNUSED_VARIABLE = YES;
				IPHONEOS_DEPLOYMENT_TARGET = 10.3;
				MTL_ENABLE_DEBUG_INFO = NO;
				SDKROOT = iphoneos;
				SWIFT_OPTIMIZATION_LEVEL = "-Owholemodule";
				TARGETED_DEVICE_FAMILY = "1,2";
				VALIDATE_PRODUCT = YES;
			};
			name = Release;
		};
		B2CF40901F1C448700FAD5BD /* Debug */ = {
			isa = XCBuildConfiguration;
			buildSettings = {
				ASSETCATALOG_COMPILER_APPICON_NAME = AppIcon;
				INFOPLIST_FILE = DreamList/Info.plist;
				LD_RUNPATH_SEARCH_PATHS = "$(inherited) @executable_path/Frameworks";
				PRODUCT_BUNDLE_IDENTIFIER = com.Dymtech.DreamList;
				PRODUCT_NAME = "$(TARGET_NAME)";
				SWIFT_VERSION = 3.0;
			};
			name = Debug;
		};
		B2CF40911F1C448700FAD5BD /* Release */ = {
			isa = XCBuildConfiguration;
			buildSettings = {
				ASSETCATALOG_COMPILER_APPICON_NAME = AppIcon;
				INFOPLIST_FILE = DreamList/Info.plist;
				LD_RUNPATH_SEARCH_PATHS = "$(inherited) @executable_path/Frameworks";
				PRODUCT_BUNDLE_IDENTIFIER = com.Dymtech.DreamList;
				PRODUCT_NAME = "$(TARGET_NAME)";
				SWIFT_VERSION = 3.0;
			};
			name = Release;
		};
/* End XCBuildConfiguration section */

/* Begin XCConfigurationList section */
		B2CF40751F1C448700FAD5BD /* Build configuration list for PBXProject "DreamList" */ = {
			isa = XCConfigurationList;
			buildConfigurations = (
				B2CF408D1F1C448700FAD5BD /* Debug */,
				B2CF408E1F1C448700FAD5BD /* Release */,
			);
			defaultConfigurationIsVisible = 0;
			defaultConfigurationName = Release;
		};
		B2CF408F1F1C448700FAD5BD /* Build configuration list for PBXNativeTarget "DreamList" */ = {
			isa = XCConfigurationList;
			buildConfigurations = (
				B2CF40901F1C448700FAD5BD /* Debug */,
				B2CF40911F1C448700FAD5BD /* Release */,
			);
			defaultConfigurationIsVisible = 0;
			defaultConfigurationName = Release;
		};
/* End XCConfigurationList section */

/* Begin XCVersionGroup section */
		B2CF40841F1C448700FAD5BD /* DreamList.xcdatamodeld */ = {
			isa = XCVersionGroup;
			children = (
				B2CF40851F1C448700FAD5BD /* DreamList.xcdatamodel */,
			);
			currentVersion = B2CF40851F1C448700FAD5BD /* DreamList.xcdatamodel */;
			path = DreamList.xcdatamodeld;
			sourceTree = "<group>";
			versionGroupType = wrapper.xcdatamodel;
		};
/* End XCVersionGroup section */
	};
	rootObject = B2CF40721F1C448700FAD5BD /* Project object */;
}
